// !$*UTF8*$!
{
	archiveVersion = 1;
	classes = {
	};
	objectVersion = 52;
	objects = {

/* Begin PBXBuildFile section */
		A8792D4224CA217A00A374BB /* Utility.swift in Sources */ = {isa = PBXBuildFile; fileRef = A8792D4124CA217A00A374BB /* Utility.swift */; };
		A8792D4424CA22A900A374BB /* MenuView.swift in Sources */ = {isa = PBXBuildFile; fileRef = A8792D4324CA22A900A374BB /* MenuView.swift */; };
		A8792D4624CA22B600A374BB /* AudioView.swift in Sources */ = {isa = PBXBuildFile; fileRef = A8792D4524CA22B600A374BB /* AudioView.swift */; };
		A8792D4824CA232B00A374BB /* VideoView.swift in Sources */ = {isa = PBXBuildFile; fileRef = A8792D4724CA232B00A374BB /* VideoView.swift */; };
		A8792D4E24CA36FA00A374BB /* Future.swift in Sources */ = {isa = PBXBuildFile; fileRef = A8792D4D24CA36FA00A374BB /* Future.swift */; };
		C43FD3D424CAFC0200430C3B /* TabEView.swift in Sources */ = {isa = PBXBuildFile; fileRef = C43FD3D324CAFC0200430C3B /* TabEView.swift */; };
		C43FD3D624CB059A00430C3B /* QuestionView.swift in Sources */ = {isa = PBXBuildFile; fileRef = C43FD3D524CB059A00430C3B /* QuestionView.swift */; };
		C43FD3D824CB0FEA00430C3B /* ContentsRow.swift in Sources */ = {isa = PBXBuildFile; fileRef = C43FD3D724CB0FEA00430C3B /* ContentsRow.swift */; };
		C43FD3DA24CB325600430C3B /* SegmentView.swift in Sources */ = {isa = PBXBuildFile; fileRef = C43FD3D924CB325600430C3B /* SegmentView.swift */; };
		C4A0DBFF24C6D83D00421EA6 /* AppDelegate.swift in Sources */ = {isa = PBXBuildFile; fileRef = C4A0DBFE24C6D83D00421EA6 /* AppDelegate.swift */; };
		C4A0DC0124C6D83D00421EA6 /* SceneDelegate.swift in Sources */ = {isa = PBXBuildFile; fileRef = C4A0DC0024C6D83D00421EA6 /* SceneDelegate.swift */; };
		C4A0DC0324C6D83D00421EA6 /* ContentView.swift in Sources */ = {isa = PBXBuildFile; fileRef = C4A0DC0224C6D83D00421EA6 /* ContentView.swift */; };
		C4A0DC0524C6D84300421EA6 /* Assets.xcassets in Resources */ = {isa = PBXBuildFile; fileRef = C4A0DC0424C6D84300421EA6 /* Assets.xcassets */; };
		C4A0DC0824C6D84300421EA6 /* Preview Assets.xcassets in Resources */ = {isa = PBXBuildFile; fileRef = C4A0DC0724C6D84300421EA6 /* Preview Assets.xcassets */; };
		C4A0DC0B24C6D84300421EA6 /* LaunchScreen.storyboard in Resources */ = {isa = PBXBuildFile; fileRef = C4A0DC0924C6D84300421EA6 /* LaunchScreen.storyboard */; };
		C4A0DC1424C6D89F00421EA6 /* BackgroundImage.swift in Sources */ = {isa = PBXBuildFile; fileRef = C4A0DC1324C6D89F00421EA6 /* BackgroundImage.swift */; };
		C4A0DC1724C6D8CD00421EA6 /* Home.swift in Sources */ = {isa = PBXBuildFile; fileRef = C4A0DC1624C6D8CD00421EA6 /* Home.swift */; };
		C4A0DC1924C6D8E300421EA6 /* TabAView.swift in Sources */ = {isa = PBXBuildFile; fileRef = C4A0DC1824C6D8E300421EA6 /* TabAView.swift */; };
		C4A0DC1D24C6D91000421EA6 /* CellView.swift in Sources */ = {isa = PBXBuildFile; fileRef = C4A0DC1C24C6D91000421EA6 /* CellView.swift */; };
		C4A0DC1F24C8496200421EA6 /* TabBView.swift in Sources */ = {isa = PBXBuildFile; fileRef = C4A0DC1E24C8496200421EA6 /* TabBView.swift */; };
		C4A0DC2124C8496C00421EA6 /* TabCView.swift in Sources */ = {isa = PBXBuildFile; fileRef = C4A0DC2024C8496C00421EA6 /* TabCView.swift */; };
		C4A0DC2324C8497A00421EA6 /* TabDView.swift in Sources */ = {isa = PBXBuildFile; fileRef = C4A0DC2224C8497A00421EA6 /* TabDView.swift */; };
		C4A0DC2524C84A6700421EA6 /* Description.swift in Sources */ = {isa = PBXBuildFile; fileRef = C4A0DC2424C84A6700421EA6 /* Description.swift */; };
		C4A0DC3124C9819D00421EA6 /* LyricView.swift in Sources */ = {isa = PBXBuildFile; fileRef = C4A0DC3024C9819D00421EA6 /* LyricView.swift */; };
		C4A0DC3324C981EF00421EA6 /* RecomendView.swift in Sources */ = {isa = PBXBuildFile; fileRef = C4A0DC3224C981EF00421EA6 /* RecomendView.swift */; };
		C4B2E29924CF45B90084B0E3 /* YourLibraryView.swift in Sources */ = {isa = PBXBuildFile; fileRef = C4B2E29824CF45B90084B0E3 /* YourLibraryView.swift */; };
		C4B2E29B24CF45F20084B0E3 /* SubCategoryText.swift in Sources */ = {isa = PBXBuildFile; fileRef = C4B2E29A24CF45F10084B0E3 /* SubCategoryText.swift */; };
		C4B2E29D24CF46140084B0E3 /* CategoryText.swift in Sources */ = {isa = PBXBuildFile; fileRef = C4B2E29C24CF46140084B0E3 /* CategoryText.swift */; };
		C4B2E2A024CF46990084B0E3 /* MediaContentView.swift in Sources */ = {isa = PBXBuildFile; fileRef = C4B2E29F24CF46990084B0E3 /* MediaContentView.swift */; };
		C4B2E2A324CF48AD0084B0E3 /* SwiftUIPager in Frameworks */ = {isa = PBXBuildFile; productRef = C4B2E2A224CF48AD0084B0E3 /* SwiftUIPager */; };
/* End PBXBuildFile section */

/* Begin PBXFileReference section */
		A8792D4124CA217A00A374BB /* Utility.swift */ = {isa = PBXFileReference; lastKnownFileType = sourcecode.swift; path = Utility.swift; sourceTree = "<group>"; };
		A8792D4324CA22A900A374BB /* MenuView.swift */ = {isa = PBXFileReference; lastKnownFileType = sourcecode.swift; path = MenuView.swift; sourceTree = "<group>"; };
		A8792D4524CA22B600A374BB /* AudioView.swift */ = {isa = PBXFileReference; lastKnownFileType = sourcecode.swift; path = AudioView.swift; sourceTree = "<group>"; };
		A8792D4724CA232B00A374BB /* VideoView.swift */ = {isa = PBXFileReference; lastKnownFileType = sourcecode.swift; path = VideoView.swift; sourceTree = "<group>"; };
		A8792D4D24CA36FA00A374BB /* Future.swift */ = {isa = PBXFileReference; lastKnownFileType = sourcecode.swift; path = Future.swift; sourceTree = "<group>"; };
		C43FD3D324CAFC0200430C3B /* TabEView.swift */ = {isa = PBXFileReference; lastKnownFileType = sourcecode.swift; path = TabEView.swift; sourceTree = "<group>"; };
		C43FD3D524CB059A00430C3B /* QuestionView.swift */ = {isa = PBXFileReference; lastKnownFileType = sourcecode.swift; path = QuestionView.swift; sourceTree = "<group>"; };
		C43FD3D724CB0FEA00430C3B /* ContentsRow.swift */ = {isa = PBXFileReference; lastKnownFileType = sourcecode.swift; path = ContentsRow.swift; sourceTree = "<group>"; };
		C43FD3D924CB325600430C3B /* SegmentView.swift */ = {isa = PBXFileReference; lastKnownFileType = sourcecode.swift; path = SegmentView.swift; sourceTree = "<group>"; };
		C4A0DBFB24C6D83C00421EA6 /* nerugaku1.app */ = {isa = PBXFileReference; explicitFileType = wrapper.application; includeInIndex = 0; path = nerugaku1.app; sourceTree = BUILT_PRODUCTS_DIR; };
		C4A0DBFE24C6D83D00421EA6 /* AppDelegate.swift */ = {isa = PBXFileReference; lastKnownFileType = sourcecode.swift; path = AppDelegate.swift; sourceTree = "<group>"; };
		C4A0DC0024C6D83D00421EA6 /* SceneDelegate.swift */ = {isa = PBXFileReference; lastKnownFileType = sourcecode.swift; path = SceneDelegate.swift; sourceTree = "<group>"; };
		C4A0DC0224C6D83D00421EA6 /* ContentView.swift */ = {isa = PBXFileReference; lastKnownFileType = sourcecode.swift; path = ContentView.swift; sourceTree = "<group>"; };
		C4A0DC0424C6D84300421EA6 /* Assets.xcassets */ = {isa = PBXFileReference; lastKnownFileType = folder.assetcatalog; path = Assets.xcassets; sourceTree = "<group>"; };
		C4A0DC0724C6D84300421EA6 /* Preview Assets.xcassets */ = {isa = PBXFileReference; lastKnownFileType = folder.assetcatalog; path = "Preview Assets.xcassets"; sourceTree = "<group>"; };
		C4A0DC0A24C6D84300421EA6 /* Base */ = {isa = PBXFileReference; lastKnownFileType = file.storyboard; name = Base; path = Base.lproj/LaunchScreen.storyboard; sourceTree = "<group>"; };
		C4A0DC0C24C6D84300421EA6 /* Info.plist */ = {isa = PBXFileReference; lastKnownFileType = text.plist.xml; path = Info.plist; sourceTree = "<group>"; };
		C4A0DC1324C6D89F00421EA6 /* BackgroundImage.swift */ = {isa = PBXFileReference; lastKnownFileType = sourcecode.swift; path = BackgroundImage.swift; sourceTree = "<group>"; };
		C4A0DC1624C6D8CD00421EA6 /* Home.swift */ = {isa = PBXFileReference; lastKnownFileType = sourcecode.swift; path = Home.swift; sourceTree = "<group>"; };
		C4A0DC1824C6D8E300421EA6 /* TabAView.swift */ = {isa = PBXFileReference; lastKnownFileType = sourcecode.swift; path = TabAView.swift; sourceTree = "<group>"; };
		C4A0DC1C24C6D91000421EA6 /* CellView.swift */ = {isa = PBXFileReference; lastKnownFileType = sourcecode.swift; path = CellView.swift; sourceTree = "<group>"; };
		C4A0DC1E24C8496200421EA6 /* TabBView.swift */ = {isa = PBXFileReference; lastKnownFileType = sourcecode.swift; path = TabBView.swift; sourceTree = "<group>"; };
		C4A0DC2024C8496C00421EA6 /* TabCView.swift */ = {isa = PBXFileReference; lastKnownFileType = sourcecode.swift; path = TabCView.swift; sourceTree = "<group>"; };
		C4A0DC2224C8497A00421EA6 /* TabDView.swift */ = {isa = PBXFileReference; lastKnownFileType = sourcecode.swift; path = TabDView.swift; sourceTree = "<group>"; };
		C4A0DC2424C84A6700421EA6 /* Description.swift */ = {isa = PBXFileReference; lastKnownFileType = sourcecode.swift; path = Description.swift; sourceTree = "<group>"; };
		C4A0DC3024C9819D00421EA6 /* LyricView.swift */ = {isa = PBXFileReference; lastKnownFileType = sourcecode.swift; path = LyricView.swift; sourceTree = "<group>"; };
		C4A0DC3224C981EF00421EA6 /* RecomendView.swift */ = {isa = PBXFileReference; lastKnownFileType = sourcecode.swift; path = RecomendView.swift; sourceTree = "<group>"; };
		C4B2E29824CF45B90084B0E3 /* YourLibraryView.swift */ = {isa = PBXFileReference; lastKnownFileType = sourcecode.swift; path = YourLibraryView.swift; sourceTree = "<group>"; };
		C4B2E29A24CF45F10084B0E3 /* SubCategoryText.swift */ = {isa = PBXFileReference; lastKnownFileType = sourcecode.swift; path = SubCategoryText.swift; sourceTree = "<group>"; };
		C4B2E29C24CF46140084B0E3 /* CategoryText.swift */ = {isa = PBXFileReference; lastKnownFileType = sourcecode.swift; path = CategoryText.swift; sourceTree = "<group>"; };
		C4B2E29F24CF46990084B0E3 /* MediaContentView.swift */ = {isa = PBXFileReference; lastKnownFileType = sourcecode.swift; path = MediaContentView.swift; sourceTree = "<group>"; };
/* End PBXFileReference section */

/* Begin PBXFrameworksBuildPhase section */
		C4A0DBF824C6D83C00421EA6 /* Frameworks */ = {
			isa = PBXFrameworksBuildPhase;
			buildActionMask = 2147483647;
			files = (
				C4B2E2A324CF48AD0084B0E3 /* SwiftUIPager in Frameworks */,
			);
			runOnlyForDeploymentPostprocessing = 0;
		};
/* End PBXFrameworksBuildPhase section */

/* Begin PBXGroup section */
		C43FD3D224CAFBDB00430C3B /* TabE (You) */ = {
			isa = PBXGroup;
			children = (
				C43FD3D724CB0FEA00430C3B /* ContentsRow.swift */,
				C43FD3D324CAFC0200430C3B /* TabEView.swift */,
				C43FD3D924CB325600430C3B /* SegmentView.swift */,
			);
			path = "TabE (You)";
			sourceTree = "<group>";
		};
		C4A0DBF224C6D83C00421EA6 = {
			isa = PBXGroup;
			children = (
				C4A0DBFD24C6D83C00421EA6 /* nerugaku1 */,
				C4A0DBFC24C6D83C00421EA6 /* Products */,
			);
			sourceTree = "<group>";
		};
		C4A0DBFC24C6D83C00421EA6 /* Products */ = {
			isa = PBXGroup;
			children = (
				C4A0DBFB24C6D83C00421EA6 /* nerugaku1.app */,
			);
			name = Products;
			sourceTree = "<group>";
		};
		C4A0DBFD24C6D83C00421EA6 /* nerugaku1 */ = {
			isa = PBXGroup;
			children = (
				C4A0DC0424C6D84300421EA6 /* Assets.xcassets */,
				C4A0DC0224C6D83D00421EA6 /* ContentView.swift */,
				C4A0DC1224C6D88100421EA6 /* Tabs */,
				C4A0DC0024C6D83D00421EA6 /* SceneDelegate.swift */,
				C4A0DBFE24C6D83D00421EA6 /* AppDelegate.swift */,
				C4A0DC0924C6D84300421EA6 /* LaunchScreen.storyboard */,
				C4A0DC0C24C6D84300421EA6 /* Info.plist */,
				C4A0DC0624C6D84300421EA6 /* Preview Content */,
			);
			path = nerugaku1;
			sourceTree = "<group>";
		};
		C4A0DC0624C6D84300421EA6 /* Preview Content */ = {
			isa = PBXGroup;
			children = (
				C4A0DC0724C6D84300421EA6 /* Preview Assets.xcassets */,
			);
			path = "Preview Content";
			sourceTree = "<group>";
		};
		C4A0DC1224C6D88100421EA6 /* Tabs */ = {
			isa = PBXGroup;
			children = (
				C4A0DC2924C9805900421EA6 /* TabA (Home) */,
				C4A0DC2B24C980C000421EA6 /* TabB (Search) */,
				C4A0DC2C24C9813400421EA6 /* TabC (Sleep MODE) */,
				C4A0DC2D24C9815000421EA6 /* TabD (Save) */,
				C43FD3D224CAFBDB00430C3B /* TabE (You) */,
			);
			path = Tabs;
			sourceTree = "<group>";
		};
		C4A0DC1524C6D8BF00421EA6 /* Detile */ = {
			isa = PBXGroup;
			children = (
				C4A0DC1624C6D8CD00421EA6 /* Home.swift */,
				C4A0DC1824C6D8E300421EA6 /* TabAView.swift */,
				C4A0DC1324C6D89F00421EA6 /* BackgroundImage.swift */,
				C4A0DC2424C84A6700421EA6 /* Description.swift */,
				C4A0DC1C24C6D91000421EA6 /* CellView.swift */,
				C4A0DC3224C981EF00421EA6 /* RecomendView.swift */,
				A8792D4D24CA36FA00A374BB /* Future.swift */,
				C43FD3D524CB059A00430C3B /* QuestionView.swift */,
			);
			path = Detile;
			sourceTree = "<group>";
		};
		C4A0DC2824C9804700421EA6 /* Player */ = {
			isa = PBXGroup;
			children = (
				A8792D4124CA217A00A374BB /* Utility.swift */,
				A8792D4324CA22A900A374BB /* MenuView.swift */,
				A8792D4524CA22B600A374BB /* AudioView.swift */,
				A8792D4724CA232B00A374BB /* VideoView.swift */,
			);
			path = Player;
			sourceTree = "<group>";
		};
		C4A0DC2924C9805900421EA6 /* TabA (Home) */ = {
			isa = PBXGroup;
			children = (
				C4A0DC1524C6D8BF00421EA6 /* Detile */,
				C4A0DC2824C9804700421EA6 /* Player */,
				C4A0DC2A24C980A400421EA6 /* Lyrics */,
			);
			path = "TabA (Home)";
			sourceTree = "<group>";
		};
		C4A0DC2A24C980A400421EA6 /* Lyrics */ = {
			isa = PBXGroup;
			children = (
				C4A0DC3024C9819D00421EA6 /* LyricView.swift */,
			);
			path = Lyrics;
			sourceTree = "<group>";
		};
		C4A0DC2B24C980C000421EA6 /* TabB (Search) */ = {
			isa = PBXGroup;
			children = (
				C4A0DC1E24C8496200421EA6 /* TabBView.swift */,
			);
			path = "TabB (Search)";
			sourceTree = "<group>";
		};
		C4A0DC2C24C9813400421EA6 /* TabC (Sleep MODE) */ = {
			isa = PBXGroup;
			children = (
				C4A0DC2024C8496C00421EA6 /* TabCView.swift */,
			);
			path = "TabC (Sleep MODE)";
			sourceTree = "<group>";
		};
		C4A0DC2D24C9815000421EA6 /* TabD (Save) */ = {
			isa = PBXGroup;
			children = (
				C4B2E29E24CF46740084B0E3 /* Components */,
				C4A0DC2224C8497A00421EA6 /* TabDView.swift */,
				C4B2E29824CF45B90084B0E3 /* YourLibraryView.swift */,
				C4B2E29A24CF45F10084B0E3 /* SubCategoryText.swift */,
				C4B2E29C24CF46140084B0E3 /* CategoryText.swift */,
			);
			path = "TabD (Save)";
			sourceTree = "<group>";
		};
		C4B2E29E24CF46740084B0E3 /* Components */ = {
			isa = PBXGroup;
			children = (
				C4B2E29F24CF46990084B0E3 /* MediaContentView.swift */,
			);
			path = Components;
			sourceTree = "<group>";
		};
/* End PBXGroup section */

/* Begin PBXNativeTarget section */
		C4A0DBFA24C6D83C00421EA6 /* nerugaku1 */ = {
			isa = PBXNativeTarget;
			buildConfigurationList = C4A0DC0F24C6D84300421EA6 /* Build configuration list for PBXNativeTarget "nerugaku1" */;
			buildPhases = (
				C4A0DBF724C6D83C00421EA6 /* Sources */,
				C4A0DBF824C6D83C00421EA6 /* Frameworks */,
				C4A0DBF924C6D83C00421EA6 /* Resources */,
			);
			buildRules = (
			);
			dependencies = (
			);
			name = nerugaku1;
			packageProductDependencies = (
				C4B2E2A224CF48AD0084B0E3 /* SwiftUIPager */,
			);
			productName = nerugaku1;
			productReference = C4A0DBFB24C6D83C00421EA6 /* nerugaku1.app */;
			productType = "com.apple.product-type.application";
		};
/* End PBXNativeTarget section */

/* Begin PBXProject section */
		C4A0DBF324C6D83C00421EA6 /* Project object */ = {
			isa = PBXProject;
			attributes = {
				LastSwiftUpdateCheck = 1160;
				LastUpgradeCheck = 1160;
				ORGANIZATIONNAME = "Shunsuke Takagi";
				TargetAttributes = {
					C4A0DBFA24C6D83C00421EA6 = {
						CreatedOnToolsVersion = 11.6;
					};
				};
			};
			buildConfigurationList = C4A0DBF624C6D83C00421EA6 /* Build configuration list for PBXProject "nerugaku1" */;
			compatibilityVersion = "Xcode 9.3";
			developmentRegion = en;
			hasScannedForEncodings = 0;
			knownRegions = (
				en,
				Base,
			);
			mainGroup = C4A0DBF224C6D83C00421EA6;
			packageReferences = (
				C4B2E2A124CF48AD0084B0E3 /* XCRemoteSwiftPackageReference "SwiftUIPager" */,
			);
			productRefGroup = C4A0DBFC24C6D83C00421EA6 /* Products */;
			projectDirPath = "";
			projectRoot = "";
			targets = (
				C4A0DBFA24C6D83C00421EA6 /* nerugaku1 */,
			);
		};
/* End PBXProject section */

/* Begin PBXResourcesBuildPhase section */
		C4A0DBF924C6D83C00421EA6 /* Resources */ = {
			isa = PBXResourcesBuildPhase;
			buildActionMask = 2147483647;
			files = (
				C4A0DC0B24C6D84300421EA6 /* LaunchScreen.storyboard in Resources */,
				C4A0DC0824C6D84300421EA6 /* Preview Assets.xcassets in Resources */,
				C4A0DC0524C6D84300421EA6 /* Assets.xcassets in Resources */,
			);
			runOnlyForDeploymentPostprocessing = 0;
		};
/* End PBXResourcesBuildPhase section */

/* Begin PBXSourcesBuildPhase section */
		C4A0DBF724C6D83C00421EA6 /* Sources */ = {
			isa = PBXSourcesBuildPhase;
			buildActionMask = 2147483647;
			files = (
				C43FD3D624CB059A00430C3B /* QuestionView.swift in Sources */,
				C4A0DC2524C84A6700421EA6 /* Description.swift in Sources */,
				C4A0DC2124C8496C00421EA6 /* TabCView.swift in Sources */,
				C4A0DC3324C981EF00421EA6 /* RecomendView.swift in Sources */,
				C4A0DBFF24C6D83D00421EA6 /* AppDelegate.swift in Sources */,
				C4B2E29B24CF45F20084B0E3 /* SubCategoryText.swift in Sources */,
				C4A0DC0124C6D83D00421EA6 /* SceneDelegate.swift in Sources */,
				C43FD3D424CAFC0200430C3B /* TabEView.swift in Sources */,
				A8792D4824CA232B00A374BB /* VideoView.swift in Sources */,
				A8792D4424CA22A900A374BB /* MenuView.swift in Sources */,
				C4A0DC3124C9819D00421EA6 /* LyricView.swift in Sources */,
				C4A0DC1724C6D8CD00421EA6 /* Home.swift in Sources */,
				C4A0DC1D24C6D91000421EA6 /* CellView.swift in Sources */,
				C4A0DC0324C6D83D00421EA6 /* ContentView.swift in Sources */,
				C4A0DC2324C8497A00421EA6 /* TabDView.swift in Sources */,
				C4B2E29924CF45B90084B0E3 /* YourLibraryView.swift in Sources */,
				C43FD3DA24CB325600430C3B /* SegmentView.swift in Sources */,
				A8792D4624CA22B600A374BB /* AudioView.swift in Sources */,
				A8792D4224CA217A00A374BB /* Utility.swift in Sources */,
				C43FD3D824CB0FEA00430C3B /* ContentsRow.swift in Sources */,
				C4A0DC1F24C8496200421EA6 /* TabBView.swift in Sources */,
				C4A0DC1424C6D89F00421EA6 /* BackgroundImage.swift in Sources */,
				A8792D4E24CA36FA00A374BB /* Future.swift in Sources */,
				C4B2E2A024CF46990084B0E3 /* MediaContentView.swift in Sources */,
				C4A0DC1924C6D8E300421EA6 /* TabAView.swift in Sources */,
				C4B2E29D24CF46140084B0E3 /* CategoryText.swift in Sources */,
			);
			runOnlyForDeploymentPostprocessing = 0;
		};
/* End PBXSourcesBuildPhase section */

/* Begin PBXVariantGroup section */
		C4A0DC0924C6D84300421EA6 /* LaunchScreen.storyboard */ = {
			isa = PBXVariantGroup;
			children = (
				C4A0DC0A24C6D84300421EA6 /* Base */,
			);
			name = LaunchScreen.storyboard;
			sourceTree = "<group>";
		};
/* End PBXVariantGroup section */

/* Begin XCBuildConfiguration section */
		C4A0DC0D24C6D84300421EA6 /* Debug */ = {
			isa = XCBuildConfiguration;
			buildSettings = {
				ALWAYS_SEARCH_USER_PATHS = NO;
				CLANG_ANALYZER_NONNULL = YES;
				CLANG_ANALYZER_NUMBER_OBJECT_CONVERSION = YES_AGGRESSIVE;
				CLANG_CXX_LANGUAGE_STANDARD = "gnu++14";
				CLANG_CXX_LIBRARY = "libc++";
				CLANG_ENABLE_MODULES = YES;
				CLANG_ENABLE_OBJC_ARC = YES;
				CLANG_ENABLE_OBJC_WEAK = YES;
				CLANG_WARN_BLOCK_CAPTURE_AUTORELEASING = YES;
				CLANG_WARN_BOOL_CONVERSION = YES;
				CLANG_WARN_COMMA = YES;
				CLANG_WARN_CONSTANT_CONVERSION = YES;
				CLANG_WARN_DEPRECATED_OBJC_IMPLEMENTATIONS = YES;
				CLANG_WARN_DIRECT_OBJC_ISA_USAGE = YES_ERROR;
				CLANG_WARN_DOCUMENTATION_COMMENTS = YES;
				CLANG_WARN_EMPTY_BODY = YES;
				CLANG_WARN_ENUM_CONVERSION = YES;
				CLANG_WARN_INFINITE_RECURSION = YES;
				CLANG_WARN_INT_CONVERSION = YES;
				CLANG_WARN_NON_LITERAL_NULL_CONVERSION = YES;
				CLANG_WARN_OBJC_IMPLICIT_RETAIN_SELF = YES;
				CLANG_WARN_OBJC_LITERAL_CONVERSION = YES;
				CLANG_WARN_OBJC_ROOT_CLASS = YES_ERROR;
				CLANG_WARN_RANGE_LOOP_ANALYSIS = YES;
				CLANG_WARN_STRICT_PROTOTYPES = YES;
				CLANG_WARN_SUSPICIOUS_MOVE = YES;
				CLANG_WARN_UNGUARDED_AVAILABILITY = YES_AGGRESSIVE;
				CLANG_WARN_UNREACHABLE_CODE = YES;
				CLANG_WARN__DUPLICATE_METHOD_MATCH = YES;
				COPY_PHASE_STRIP = NO;
				DEBUG_INFORMATION_FORMAT = dwarf;
				ENABLE_STRICT_OBJC_MSGSEND = YES;
				ENABLE_TESTABILITY = YES;
				GCC_C_LANGUAGE_STANDARD = gnu11;
				GCC_DYNAMIC_NO_PIC = NO;
				GCC_NO_COMMON_BLOCKS = YES;
				GCC_OPTIMIZATION_LEVEL = 0;
				GCC_PREPROCESSOR_DEFINITIONS = (
					"DEBUG=1",
					"$(inherited)",
				);
				GCC_WARN_64_TO_32_BIT_CONVERSION = YES;
				GCC_WARN_ABOUT_RETURN_TYPE = YES_ERROR;
				GCC_WARN_UNDECLARED_SELECTOR = YES;
				GCC_WARN_UNINITIALIZED_AUTOS = YES_AGGRESSIVE;
				GCC_WARN_UNUSED_FUNCTION = YES;
				GCC_WARN_UNUSED_VARIABLE = YES;
				IPHONEOS_DEPLOYMENT_TARGET = 13.6;
				MTL_ENABLE_DEBUG_INFO = INCLUDE_SOURCE;
				MTL_FAST_MATH = YES;
				ONLY_ACTIVE_ARCH = YES;
				SDKROOT = iphoneos;
				SWIFT_ACTIVE_COMPILATION_CONDITIONS = DEBUG;
				SWIFT_OPTIMIZATION_LEVEL = "-Onone";
			};
			name = Debug;
		};
		C4A0DC0E24C6D84300421EA6 /* Release */ = {
			isa = XCBuildConfiguration;
			buildSettings = {
				ALWAYS_SEARCH_USER_PATHS = NO;
				CLANG_ANALYZER_NONNULL = YES;
				CLANG_ANALYZER_NUMBER_OBJECT_CONVERSION = YES_AGGRESSIVE;
				CLANG_CXX_LANGUAGE_STANDARD = "gnu++14";
				CLANG_CXX_LIBRARY = "libc++";
				CLANG_ENABLE_MODULES = YES;
				CLANG_ENABLE_OBJC_ARC = YES;
				CLANG_ENABLE_OBJC_WEAK = YES;
				CLANG_WARN_BLOCK_CAPTURE_AUTORELEASING = YES;
				CLANG_WARN_BOOL_CONVERSION = YES;
				CLANG_WARN_COMMA = YES;
				CLANG_WARN_CONSTANT_CONVERSION = YES;
				CLANG_WARN_DEPRECATED_OBJC_IMPLEMENTATIONS = YES;
				CLANG_WARN_DIRECT_OBJC_ISA_USAGE = YES_ERROR;
				CLANG_WARN_DOCUMENTATION_COMMENTS = YES;
				CLANG_WARN_EMPTY_BODY = YES;
				CLANG_WARN_ENUM_CONVERSION = YES;
				CLANG_WARN_INFINITE_RECURSION = YES;
				CLANG_WARN_INT_CONVERSION = YES;
				CLANG_WARN_NON_LITERAL_NULL_CONVERSION = YES;
				CLANG_WARN_OBJC_IMPLICIT_RETAIN_SELF = YES;
				CLANG_WARN_OBJC_LITERAL_CONVERSION = YES;
				CLANG_WARN_OBJC_ROOT_CLASS = YES_ERROR;
				CLANG_WARN_RANGE_LOOP_ANALYSIS = YES;
				CLANG_WARN_STRICT_PROTOTYPES = YES;
				CLANG_WARN_SUSPICIOUS_MOVE = YES;
				CLANG_WARN_UNGUARDED_AVAILABILITY = YES_AGGRESSIVE;
				CLANG_WARN_UNREACHABLE_CODE = YES;
				CLANG_WARN__DUPLICATE_METHOD_MATCH = YES;
				COPY_PHASE_STRIP = NO;
				DEBUG_INFORMATION_FORMAT = "dwarf-with-dsym";
				ENABLE_NS_ASSERTIONS = NO;
				ENABLE_STRICT_OBJC_MSGSEND = YES;
				GCC_C_LANGUAGE_STANDARD = gnu11;
				GCC_NO_COMMON_BLOCKS = YES;
				GCC_WARN_64_TO_32_BIT_CONVERSION = YES;
				GCC_WARN_ABOUT_RETURN_TYPE = YES_ERROR;
				GCC_WARN_UNDECLARED_SELECTOR = YES;
				GCC_WARN_UNINITIALIZED_AUTOS = YES_AGGRESSIVE;
				GCC_WARN_UNUSED_FUNCTION = YES;
				GCC_WARN_UNUSED_VARIABLE = YES;
				IPHONEOS_DEPLOYMENT_TARGET = 13.6;
				MTL_ENABLE_DEBUG_INFO = NO;
				MTL_FAST_MATH = YES;
				SDKROOT = iphoneos;
				SWIFT_COMPILATION_MODE = wholemodule;
				SWIFT_OPTIMIZATION_LEVEL = "-O";
				VALIDATE_PRODUCT = YES;
			};
			name = Release;
		};
		C4A0DC1024C6D84300421EA6 /* Debug */ = {
			isa = XCBuildConfiguration;
			buildSettings = {
				ASSETCATALOG_COMPILER_APPICON_NAME = AppIcon;
				CODE_SIGN_STYLE = Automatic;
				DEVELOPMENT_ASSET_PATHS = "\"nerugaku1/Preview Content\"";
				DEVELOPMENT_TEAM = BXTK73VQ5E;
				ENABLE_PREVIEWS = YES;
				INFOPLIST_FILE = nerugaku1/Info.plist;
				IPHONEOS_DEPLOYMENT_TARGET = 13.2;
				LD_RUNPATH_SEARCH_PATHS = (
					"$(inherited)",
					"@executable_path/Frameworks",
				);
				PRODUCT_BUNDLE_IDENTIFIER = com.ShunsukeTakagi.nerugaku1;
				PRODUCT_NAME = "$(TARGET_NAME)";
				SWIFT_VERSION = 5.0;
				TARGETED_DEVICE_FAMILY = "1,2";
			};
			name = Debug;
		};
		C4A0DC1124C6D84300421EA6 /* Release */ = {
			isa = XCBuildConfiguration;
			buildSettings = {
				ASSETCATALOG_COMPILER_APPICON_NAME = AppIcon;
				CODE_SIGN_STYLE = Automatic;
				DEVELOPMENT_ASSET_PATHS = "\"nerugaku1/Preview Content\"";
				DEVELOPMENT_TEAM = BXTK73VQ5E;
				ENABLE_PREVIEWS = YES;
				INFOPLIST_FILE = nerugaku1/Info.plist;
				IPHONEOS_DEPLOYMENT_TARGET = 13.2;
				LD_RUNPATH_SEARCH_PATHS = (
					"$(inherited)",
					"@executable_path/Frameworks",
				);
				PRODUCT_BUNDLE_IDENTIFIER = com.ShunsukeTakagi.nerugaku1;
				PRODUCT_NAME = "$(TARGET_NAME)";
				SWIFT_VERSION = 5.0;
				TARGETED_DEVICE_FAMILY = "1,2";
			};
			name = Release;
		};
/* End XCBuildConfiguration section */

/* Begin XCConfigurationList section */
		C4A0DBF624C6D83C00421EA6 /* Build configuration list for PBXProject "nerugaku1" */ = {
			isa = XCConfigurationList;
			buildConfigurations = (
				C4A0DC0D24C6D84300421EA6 /* Debug */,
				C4A0DC0E24C6D84300421EA6 /* Release */,
			);
			defaultConfigurationIsVisible = 0;
			defaultConfigurationName = Release;
		};
		C4A0DC0F24C6D84300421EA6 /* Build configuration list for PBXNativeTarget "nerugaku1" */ = {
			isa = XCConfigurationList;
			buildConfigurations = (
				C4A0DC1024C6D84300421EA6 /* Debug */,
				C4A0DC1124C6D84300421EA6 /* Release */,
			);
			defaultConfigurationIsVisible = 0;
			defaultConfigurationName = Release;
		};
/* End XCConfigurationList section */

/* Begin XCRemoteSwiftPackageReference section */
		C4B2E2A124CF48AD0084B0E3 /* XCRemoteSwiftPackageReference "SwiftUIPager" */ = {
			isa = XCRemoteSwiftPackageReference;
			repositoryURL = "https://github.com/fermoya/SwiftUIPager.git";
			requirement = {
				kind = upToNextMajorVersion;
				minimumVersion = 1.9.0;
			};
		};
/* End XCRemoteSwiftPackageReference section */

/* Begin XCSwiftPackageProductDependency section */
		C4B2E2A224CF48AD0084B0E3 /* SwiftUIPager */ = {
			isa = XCSwiftPackageProductDependency;
			package = C4B2E2A124CF48AD0084B0E3 /* XCRemoteSwiftPackageReference "SwiftUIPager" */;
			productName = SwiftUIPager;
		};
/* End XCSwiftPackageProductDependency section */
	};
	rootObject = C4A0DBF324C6D83C00421EA6 /* Project object */;
}
